# generated by rye
# use `rye lock` or `rye sync` to update this lockfile
#
# last locked with the following flags:
#   pre: false
#   features: []
#   all-features: false
#   with-sources: false

-e file:.
annotated-types==0.6.0
    # via pydantic
beautifulsoup4==4.12.3
    # via acp
certifi==2024.2.2
    # via requests
charset-normalizer==3.3.2
    # via requests
exceptiongroup==1.2.1
    # via pytest
idna==3.7
    # via requests
iniconfig==2.0.0
    # via pytest
lxml==5.2.2
    # via acp
mypy==1.10.0
mypy-extensions==1.0.0
    # via mypy
packaging==24.0
    # via pytest
pluggy==1.5.0
    # via pytest
pydantic==2.7.1
    # via acp
pydantic-core==2.18.2
    # via pydantic
pytest==8.2.0
requests==2.31.0
    # via acp
ruff==0.4.4
soupsieve==2.5
    # via beautifulsoup4
tomli==2.0.1
    # via mypy
    # via pytest
types-beautifulsoup4==4.12.0.20240511
types-html5lib==1.1.11.20240228
    # via types-beautifulsoup4
types-requests==2.31.0.20240406
typing-extensions==4.11.0
    # via mypy
    # via pydantic
    # via pydantic-core
urllib3==2.2.1
    # via requests
    # via types-requests
