# generated by rye
# use `rye lock` or `rye sync` to update this lockfile
#
# last locked with the following flags:
#   pre: false
#   features: []
#   all-features: false
#   with-sources: false

-e file:.
annotated-types==0.6.0
    # via pydantic
beautifulsoup4==4.12.3
    # via acp-cli
certifi==2024.2.2
    # via requests
charset-normalizer==3.3.2
    # via requests
idna==3.7
    # via requests
lxml==5.2.2
    # via acp-cli
pydantic==2.7.1
    # via acp-cli
pydantic-core==2.18.2
    # via pydantic
requests==2.31.0
    # via acp-cli
soupsieve==2.5
    # via beautifulsoup4
typing-extensions==4.11.0
    # via pydantic
    # via pydantic-core
urllib3==2.2.1
    # via requests
